
Microsoft Visual Studio Solution File, Format Version 12.00
# Visual Studio Version 16
VisualStudioVersion = 16.0.32929.386
MinimumVisualStudioVersion = 10.0.40219.1
Project("{FAE04EC0-301F-11D3-BF4B-00C04F79EFBC}") = "B-E-Task3", "B-E-Task3\B-E-Task3.csproj", "{CEDA0FDD-DB4D-4D60-B4F7-E00E1ECE3D85}"
EndProject
Global
	GlobalSection(SolutionConfigurationPlatforms) = preSolution
		Debug|Any CPU = Debug|Any CPU
		Release|Any CPU = Release|Any CPU
	EndGlobalSection
	GlobalSection(ProjectConfigurationPlatforms) = postSolution
		{CEDA0FDD-DB4D-4D60-B4F7-E00E1ECE3D85}.Debug|Any CPU.ActiveCfg = Debug|Any CPU
		{CEDA0FDD-DB4D-4D60-B4F7-E00E1ECE3D85}.Debug|Any CPU.Build.0 = Debug|Any CPU
		{CEDA0FDD-DB4D-4D60-B4F7-E00E1ECE3D85}.Release|Any CPU.ActiveCfg = Release|Any CPU
		{CEDA0FDD-DB4D-4D60-B4F7-E00E1ECE3D85}.Release|Any CPU.Build.0 = Release|Any CPU
	EndGlobalSection
	GlobalSection(SolutionProperties) = preSolution
		HideSolutionNode = FALSE
	EndGlobalSection
	GlobalSection(ExtensibilityGlobals) = postSolution
		SolutionGuid = {620FEAC9-5C9F-4BFE-9CDC-F630A931C974}
	EndGlobalSection
EndGlobal
